
Microsoft Visual Studio Solution File, Format Version 12.00
# Visual Studio Version 17
VisualStudioVersion = 17.5.002.0
MinimumVisualStudioVersion = 10.0.40219.1
Project("{9A19103F-16F7-4668-BE54-9A1E7A4F7556}") = "DesafioPOO", "DesafioPOO.csproj", "{31B32088-9AB0-4E75-BE6D-415269DF874F}"
EndProject
Global
	GlobalSection(SolutionConfigurationPlatforms) = preSolution
		Debug|Any CPU = Debug|Any CPU
		Release|Any CPU = Release|Any CPU
	EndGlobalSection
	GlobalSection(ProjectConfigurationPlatforms) = postSolution
		{31B32088-9AB0-4E75-BE6D-415269DF874F}.Debug|Any CPU.ActiveCfg = Debug|Any CPU
		{31B32088-9AB0-4E75-BE6D-415269DF874F}.Debug|Any CPU.Build.0 = Debug|Any CPU
		{31B32088-9AB0-4E75-BE6D-415269DF874F}.Release|Any CPU.ActiveCfg = Release|Any CPU
		{31B32088-9AB0-4E75-BE6D-415269DF874F}.Release|Any CPU.Build.0 = Release|Any CPU
	EndGlobalSection
	GlobalSection(SolutionProperties) = preSolution
		HideSolutionNode = FALSE
	EndGlobalSection
	GlobalSection(ExtensibilityGlobals) = postSolution
		SolutionGuid = {0A103392-9A41-4259-AE50-DBCBBA682C0B}
	EndGlobalSection
EndGlobal
